{
  "name": "plame-1.0",
  "version": "1.0.0",
  "lockfileVersion": 3,
  "requires": true,
  "packages": {
    "": {
      "name": "plame-1.0",
      "version": "1.0.0",
      "dependencies": {
        "express": "^5.1.0"
      },
      "engines": {
        "node": ">=20"
      }
    }
  }
}
